
Microsoft Visual Studio Solution File, Format Version 12.00
# Visual Studio 15
VisualStudioVersion = 15.0.27130.2027
MinimumVisualStudioVersion = 10.0.40219.1
Project("{FAE04EC0-301F-11D3-BF4B-00C04F79EFBC}") = "Rutas", "Rutas\Rutas.csproj", "{7779F142-C133-4775-8CDB-3D6D993B43BA}"
EndProject
Project("{FAE04EC0-301F-11D3-BF4B-00C04F79EFBC}") = "ContentResultEj", "ContentResultEj\ContentResultEj.csproj", "{5FCD507B-D98F-4DC4-BF0B-1D58206BEA49}"
EndProject
Project("{FAE04EC0-301F-11D3-BF4B-00C04F79EFBC}") = "JsonResultEj", "JsonResultEj\JsonResultEj.csproj", "{61DBF8F4-A19C-476F-80DA-739E196A0A58}"
EndProject
Project("{FAE04EC0-301F-11D3-BF4B-00C04F79EFBC}") = "RedirectEj", "RedirectEj\RedirectEj.csproj", "{EB003825-9C62-449A-AFF3-2594AE4FF452}"
EndProject
Project("{FAE04EC0-301F-11D3-BF4B-00C04F79EFBC}") = "HttpStatusCodeResultEj", "HttpStatusCodeResultEj\HttpStatusCodeResultEj.csproj", "{D57BCFA4-1937-4F15-9319-728DB5EBDE5A}"
EndProject
Project("{FAE04EC0-301F-11D3-BF4B-00C04F79EFBC}") = "FileResultEj", "FileResultEj\FileResultEj.csproj", "{BE6F7ABB-9802-47DE-A95A-12CE0DE6DF52}"
EndProject
Project("{FAE04EC0-301F-11D3-BF4B-00C04F79EFBC}") = "QueryStringAction", "QueryStringAction\QueryStringAction.csproj", "{3CD71DA6-3A37-4A70-BD79-271E3DAB7A26}"
EndProject
Project("{FAE04EC0-301F-11D3-BF4B-00C04F79EFBC}") = "HttpPostGetEj", "HttpPostGetEj\HttpPostGetEj.csproj", "{3B71F7EB-AE4C-423A-BE9E-E86370A35C6A}"
EndProject
Project("{FAE04EC0-301F-11D3-BF4B-00C04F79EFBC}") = "ViewBagDataEj", "ViewBagDataEj\ViewBagDataEj.csproj", "{F94442D0-71A6-441D-BEE0-2A28CA48244F}"
EndProject
Project("{FAE04EC0-301F-11D3-BF4B-00C04F79EFBC}") = "Metodo Raw", "Metodo Raw\Metodo Raw.csproj", "{DE7A0138-66AD-4CAA-A8A3-2EC8D200FFA3}"
EndProject
Project("{FAE04EC0-301F-11D3-BF4B-00C04F79EFBC}") = "ActionLinkEj", "ActionLinkEj\ActionLinkEj.csproj", "{AEDA1044-0710-4B2A-8AE1-B5EBDF3FEE92}"
EndProject
Project("{FAE04EC0-301F-11D3-BF4B-00C04F79EFBC}") = "RenderAction y Action", "RenderAction y Action\RenderAction y Action.csproj", "{C09BA128-584B-41C7-8B50-9AF3ABDA3880}"
EndProject
Project("{FAE04EC0-301F-11D3-BF4B-00C04F79EFBC}") = "Display y DisplayTemplates", "Display y DisplayTemplates\Display y DisplayTemplates.csproj", "{69517EE4-2821-4DA1-9D7D-5AC3ED3B8EFD}"
EndProject
Project("{FAE04EC0-301F-11D3-BF4B-00C04F79EFBC}") = "DropDownListEj", "DropDownListEj\DropDownListEj.csproj", "{22C41DF8-BAB3-4107-A1EE-86856F0E0D29}"
EndProject
Project("{FAE04EC0-301F-11D3-BF4B-00C04F79EFBC}") = "BeginFormEj", "BeginFormEj\BeginFormEj.csproj", "{2A78AC2D-8F94-44BD-A591-A69715FAE4C1}"
EndProject
Project("{FAE04EC0-301F-11D3-BF4B-00C04F79EFBC}") = "Vistas Parciales", "Vistas Parciales\Vistas Parciales.csproj", "{04672528-0661-4C58-B7BC-09C6D6587A49}"
EndProject
Project("{FAE04EC0-301F-11D3-BF4B-00C04F79EFBC}") = "Introducción al Scaffolding", "Introducción al Scaffolding\Introducción al Scaffolding.csproj", "{7D07619A-38EE-4ABC-ACFF-2E5FBD0E4D16}"
EndProject
Project("{FAE04EC0-301F-11D3-BF4B-00C04F79EFBC}") = "Introduccion a Entity Framework", "Introduccion a Entity Framework\Introduccion a Entity Framework.csproj", "{49F91E47-6F83-461E-8A61-A560131A3D29}"
EndProject
Project("{FAE04EC0-301F-11D3-BF4B-00C04F79EFBC}") = "Atributo Required", "Atributo Required\Atributo Required.csproj", "{04DC9A9C-238C-485C-AE82-BEBAA896AB53}"
EndProject
Project("{FAE04EC0-301F-11D3-BF4B-00C04F79EFBC}") = "MultiIdioma", "MultiIdioma\MultiIdioma.csproj", "{4653588B-B336-4F11-AB1D-B1A73C814282}"
EndProject
Global
	GlobalSection(SolutionConfigurationPlatforms) = preSolution
		Debug|Any CPU = Debug|Any CPU
		Release|Any CPU = Release|Any CPU
	EndGlobalSection
	GlobalSection(ProjectConfigurationPlatforms) = postSolution
		{7779F142-C133-4775-8CDB-3D6D993B43BA}.Debug|Any CPU.ActiveCfg = Debug|Any CPU
		{7779F142-C133-4775-8CDB-3D6D993B43BA}.Debug|Any CPU.Build.0 = Debug|Any CPU
		{7779F142-C133-4775-8CDB-3D6D993B43BA}.Release|Any CPU.ActiveCfg = Release|Any CPU
		{7779F142-C133-4775-8CDB-3D6D993B43BA}.Release|Any CPU.Build.0 = Release|Any CPU
		{5FCD507B-D98F-4DC4-BF0B-1D58206BEA49}.Debug|Any CPU.ActiveCfg = Debug|Any CPU
		{5FCD507B-D98F-4DC4-BF0B-1D58206BEA49}.Debug|Any CPU.Build.0 = Debug|Any CPU
		{5FCD507B-D98F-4DC4-BF0B-1D58206BEA49}.Release|Any CPU.ActiveCfg = Release|Any CPU
		{5FCD507B-D98F-4DC4-BF0B-1D58206BEA49}.Release|Any CPU.Build.0 = Release|Any CPU
		{61DBF8F4-A19C-476F-80DA-739E196A0A58}.Debug|Any CPU.ActiveCfg = Debug|Any CPU
		{61DBF8F4-A19C-476F-80DA-739E196A0A58}.Debug|Any CPU.Build.0 = Debug|Any CPU
		{61DBF8F4-A19C-476F-80DA-739E196A0A58}.Release|Any CPU.ActiveCfg = Release|Any CPU
		{61DBF8F4-A19C-476F-80DA-739E196A0A58}.Release|Any CPU.Build.0 = Release|Any CPU
		{EB003825-9C62-449A-AFF3-2594AE4FF452}.Debug|Any CPU.ActiveCfg = Debug|Any CPU
		{EB003825-9C62-449A-AFF3-2594AE4FF452}.Debug|Any CPU.Build.0 = Debug|Any CPU
		{EB003825-9C62-449A-AFF3-2594AE4FF452}.Release|Any CPU.ActiveCfg = Release|Any CPU
		{EB003825-9C62-449A-AFF3-2594AE4FF452}.Release|Any CPU.Build.0 = Release|Any CPU
		{D57BCFA4-1937-4F15-9319-728DB5EBDE5A}.Debug|Any CPU.ActiveCfg = Debug|Any CPU
		{D57BCFA4-1937-4F15-9319-728DB5EBDE5A}.Debug|Any CPU.Build.0 = Debug|Any CPU
		{D57BCFA4-1937-4F15-9319-728DB5EBDE5A}.Release|Any CPU.ActiveCfg = Release|Any CPU
		{D57BCFA4-1937-4F15-9319-728DB5EBDE5A}.Release|Any CPU.Build.0 = Release|Any CPU
		{BE6F7ABB-9802-47DE-A95A-12CE0DE6DF52}.Debug|Any CPU.ActiveCfg = Debug|Any CPU
		{BE6F7ABB-9802-47DE-A95A-12CE0DE6DF52}.Debug|Any CPU.Build.0 = Debug|Any CPU
		{BE6F7ABB-9802-47DE-A95A-12CE0DE6DF52}.Release|Any CPU.ActiveCfg = Release|Any CPU
		{BE6F7ABB-9802-47DE-A95A-12CE0DE6DF52}.Release|Any CPU.Build.0 = Release|Any CPU
		{3CD71DA6-3A37-4A70-BD79-271E3DAB7A26}.Debug|Any CPU.ActiveCfg = Debug|Any CPU
		{3CD71DA6-3A37-4A70-BD79-271E3DAB7A26}.Debug|Any CPU.Build.0 = Debug|Any CPU
		{3CD71DA6-3A37-4A70-BD79-271E3DAB7A26}.Release|Any CPU.ActiveCfg = Release|Any CPU
		{3CD71DA6-3A37-4A70-BD79-271E3DAB7A26}.Release|Any CPU.Build.0 = Release|Any CPU
		{3B71F7EB-AE4C-423A-BE9E-E86370A35C6A}.Debug|Any CPU.ActiveCfg = Debug|Any CPU
		{3B71F7EB-AE4C-423A-BE9E-E86370A35C6A}.Debug|Any CPU.Build.0 = Debug|Any CPU
		{3B71F7EB-AE4C-423A-BE9E-E86370A35C6A}.Release|Any CPU.ActiveCfg = Release|Any CPU
		{3B71F7EB-AE4C-423A-BE9E-E86370A35C6A}.Release|Any CPU.Build.0 = Release|Any CPU
		{F94442D0-71A6-441D-BEE0-2A28CA48244F}.Debug|Any CPU.ActiveCfg = Debug|Any CPU
		{F94442D0-71A6-441D-BEE0-2A28CA48244F}.Debug|Any CPU.Build.0 = Debug|Any CPU
		{F94442D0-71A6-441D-BEE0-2A28CA48244F}.Release|Any CPU.ActiveCfg = Release|Any CPU
		{F94442D0-71A6-441D-BEE0-2A28CA48244F}.Release|Any CPU.Build.0 = Release|Any CPU
		{DE7A0138-66AD-4CAA-A8A3-2EC8D200FFA3}.Debug|Any CPU.ActiveCfg = Debug|Any CPU
		{DE7A0138-66AD-4CAA-A8A3-2EC8D200FFA3}.Debug|Any CPU.Build.0 = Debug|Any CPU
		{DE7A0138-66AD-4CAA-A8A3-2EC8D200FFA3}.Release|Any CPU.ActiveCfg = Release|Any CPU
		{DE7A0138-66AD-4CAA-A8A3-2EC8D200FFA3}.Release|Any CPU.Build.0 = Release|Any CPU
		{AEDA1044-0710-4B2A-8AE1-B5EBDF3FEE92}.Debug|Any CPU.ActiveCfg = Debug|Any CPU
		{AEDA1044-0710-4B2A-8AE1-B5EBDF3FEE92}.Debug|Any CPU.Build.0 = Debug|Any CPU
		{AEDA1044-0710-4B2A-8AE1-B5EBDF3FEE92}.Release|Any CPU.ActiveCfg = Release|Any CPU
		{AEDA1044-0710-4B2A-8AE1-B5EBDF3FEE92}.Release|Any CPU.Build.0 = Release|Any CPU
		{C09BA128-584B-41C7-8B50-9AF3ABDA3880}.Debug|Any CPU.ActiveCfg = Debug|Any CPU
		{C09BA128-584B-41C7-8B50-9AF3ABDA3880}.Debug|Any CPU.Build.0 = Debug|Any CPU
		{C09BA128-584B-41C7-8B50-9AF3ABDA3880}.Release|Any CPU.ActiveCfg = Release|Any CPU
		{C09BA128-584B-41C7-8B50-9AF3ABDA3880}.Release|Any CPU.Build.0 = Release|Any CPU
		{69517EE4-2821-4DA1-9D7D-5AC3ED3B8EFD}.Debug|Any CPU.ActiveCfg = Debug|Any CPU
		{69517EE4-2821-4DA1-9D7D-5AC3ED3B8EFD}.Debug|Any CPU.Build.0 = Debug|Any CPU
		{69517EE4-2821-4DA1-9D7D-5AC3ED3B8EFD}.Release|Any CPU.ActiveCfg = Release|Any CPU
		{69517EE4-2821-4DA1-9D7D-5AC3ED3B8EFD}.Release|Any CPU.Build.0 = Release|Any CPU
		{22C41DF8-BAB3-4107-A1EE-86856F0E0D29}.Debug|Any CPU.ActiveCfg = Debug|Any CPU
		{22C41DF8-BAB3-4107-A1EE-86856F0E0D29}.Debug|Any CPU.Build.0 = Debug|Any CPU
		{22C41DF8-BAB3-4107-A1EE-86856F0E0D29}.Release|Any CPU.ActiveCfg = Release|Any CPU
		{22C41DF8-BAB3-4107-A1EE-86856F0E0D29}.Release|Any CPU.Build.0 = Release|Any CPU
		{2A78AC2D-8F94-44BD-A591-A69715FAE4C1}.Debug|Any CPU.ActiveCfg = Debug|Any CPU
		{2A78AC2D-8F94-44BD-A591-A69715FAE4C1}.Debug|Any CPU.Build.0 = Debug|Any CPU
		{2A78AC2D-8F94-44BD-A591-A69715FAE4C1}.Release|Any CPU.ActiveCfg = Release|Any CPU
		{2A78AC2D-8F94-44BD-A591-A69715FAE4C1}.Release|Any CPU.Build.0 = Release|Any CPU
		{04672528-0661-4C58-B7BC-09C6D6587A49}.Debug|Any CPU.ActiveCfg = Debug|Any CPU
		{04672528-0661-4C58-B7BC-09C6D6587A49}.Debug|Any CPU.Build.0 = Debug|Any CPU
		{04672528-0661-4C58-B7BC-09C6D6587A49}.Release|Any CPU.ActiveCfg = Release|Any CPU
		{04672528-0661-4C58-B7BC-09C6D6587A49}.Release|Any CPU.Build.0 = Release|Any CPU
		{7D07619A-38EE-4ABC-ACFF-2E5FBD0E4D16}.Debug|Any CPU.ActiveCfg = Debug|Any CPU
		{7D07619A-38EE-4ABC-ACFF-2E5FBD0E4D16}.Debug|Any CPU.Build.0 = Debug|Any CPU
		{7D07619A-38EE-4ABC-ACFF-2E5FBD0E4D16}.Release|Any CPU.ActiveCfg = Release|Any CPU
		{7D07619A-38EE-4ABC-ACFF-2E5FBD0E4D16}.Release|Any CPU.Build.0 = Release|Any CPU
		{49F91E47-6F83-461E-8A61-A560131A3D29}.Debug|Any CPU.ActiveCfg = Debug|Any CPU
		{49F91E47-6F83-461E-8A61-A560131A3D29}.Debug|Any CPU.Build.0 = Debug|Any CPU
		{49F91E47-6F83-461E-8A61-A560131A3D29}.Release|Any CPU.ActiveCfg = Release|Any CPU
		{49F91E47-6F83-461E-8A61-A560131A3D29}.Release|Any CPU.Build.0 = Release|Any CPU
		{04DC9A9C-238C-485C-AE82-BEBAA896AB53}.Debug|Any CPU.ActiveCfg = Debug|Any CPU
		{04DC9A9C-238C-485C-AE82-BEBAA896AB53}.Debug|Any CPU.Build.0 = Debug|Any CPU
		{04DC9A9C-238C-485C-AE82-BEBAA896AB53}.Release|Any CPU.ActiveCfg = Release|Any CPU
		{04DC9A9C-238C-485C-AE82-BEBAA896AB53}.Release|Any CPU.Build.0 = Release|Any CPU
		{4653588B-B336-4F11-AB1D-B1A73C814282}.Debug|Any CPU.ActiveCfg = Debug|Any CPU
		{4653588B-B336-4F11-AB1D-B1A73C814282}.Debug|Any CPU.Build.0 = Debug|Any CPU
		{4653588B-B336-4F11-AB1D-B1A73C814282}.Release|Any CPU.ActiveCfg = Release|Any CPU
		{4653588B-B336-4F11-AB1D-B1A73C814282}.Release|Any CPU.Build.0 = Release|Any CPU
	EndGlobalSection
	GlobalSection(SolutionProperties) = preSolution
		HideSolutionNode = FALSE
	EndGlobalSection
	GlobalSection(ExtensibilityGlobals) = postSolution
		SolutionGuid = {BE797E1C-18B5-4BFB-921F-4A2148331A74}
	EndGlobalSection
EndGlobal
